// !$*UTF8*$!
{
	archiveVersion = 1;
	classes = {
	};
	objectVersion = 46;
	objects = {

/* Begin PBXBuildFile section */
		F624824519CA3A92000646B7 /* Foundation.framework in Frameworks */ = {isa = PBXBuildFile; fileRef = F624824419CA3A92000646B7 /* Foundation.framework */; };
		F624824719CA3A92000646B7 /* CoreGraphics.framework in Frameworks */ = {isa = PBXBuildFile; fileRef = F624824619CA3A92000646B7 /* CoreGraphics.framework */; };
		F624824919CA3A92000646B7 /* UIKit.framework in Frameworks */ = {isa = PBXBuildFile; fileRef = F624824819CA3A92000646B7 /* UIKit.framework */; };
		F624824F19CA3A92000646B7 /* InfoPlist.strings in Resources */ = {isa = PBXBuildFile; fileRef = F624824D19CA3A92000646B7 /* InfoPlist.strings */; };
		F624825119CA3A92000646B7 /* main.m in Sources */ = {isa = PBXBuildFile; fileRef = F624825019CA3A92000646B7 /* main.m */; };
		F624825519CA3A92000646B7 /* HHSLAppDelegate.m in Sources */ = {isa = PBXBuildFile; fileRef = F624825419CA3A92000646B7 /* HHSLAppDelegate.m */; };
		F624825819CA3A92000646B7 /* Main.storyboard in Resources */ = {isa = PBXBuildFile; fileRef = F624825619CA3A92000646B7 /* Main.storyboard */; };
		F624825B19CA3A92000646B7 /* HHSLViewController.m in Sources */ = {isa = PBXBuildFile; fileRef = F624825A19CA3A92000646B7 /* HHSLViewController.m */; };
		F624825D19CA3A92000646B7 /* Images.xcassets in Resources */ = {isa = PBXBuildFile; fileRef = F624825C19CA3A92000646B7 /* Images.xcassets */; };
		F624826419CA3A92000646B7 /* XCTest.framework in Frameworks */ = {isa = PBXBuildFile; fileRef = F624826319CA3A92000646B7 /* XCTest.framework */; };
		F624826519CA3A92000646B7 /* Foundation.framework in Frameworks */ = {isa = PBXBuildFile; fileRef = F624824419CA3A92000646B7 /* Foundation.framework */; };
		F624826619CA3A92000646B7 /* UIKit.framework in Frameworks */ = {isa = PBXBuildFile; fileRef = F624824819CA3A92000646B7 /* UIKit.framework */; };
		F624826E19CA3A92000646B7 /* InfoPlist.strings in Resources */ = {isa = PBXBuildFile; fileRef = F624826C19CA3A92000646B7 /* InfoPlist.strings */; };
		F624827019CA3A92000646B7 /* SudokuTests.m in Sources */ = {isa = PBXBuildFile; fileRef = F624826F19CA3A92000646B7 /* SudokuTests.m */; };
		F624827B19CA3AC0000646B7 /* HHSLGridView.m in Sources */ = {isa = PBXBuildFile; fileRef = F624827A19CA3AC0000646B7 /* HHSLGridView.m */; };
		F651AED419D5E3AB00888062 /* grid1.txt in Resources */ = {isa = PBXBuildFile; fileRef = F651AED219D5E3AB00888062 /* grid1.txt */; };
		F651AED519D5E3AB00888062 /* grid2.txt in Resources */ = {isa = PBXBuildFile; fileRef = F651AED319D5E3AB00888062 /* grid2.txt */; };
		F684DEA719CCDEE9008E6AE8 /* HHSLGridModel.m in Sources */ = {isa = PBXBuildFile; fileRef = F684DEA619CCDEE9008E6AE8 /* HHSLGridModel.m */; };
		F684DEAA19CCDFE2008E6AE8 /* HHSLNumPadView.m in Sources */ = {isa = PBXBuildFile; fileRef = F684DEA919CCDFE2008E6AE8 /* HHSLNumPadView.m */; };
		F6D8694319D9068200E4D1D3 /* AudioToolbox.framework in Frameworks */ = {isa = PBXBuildFile; fileRef = F6D8694219D9068200E4D1D3 /* AudioToolbox.framework */; };
		F6D8694519D9086F00E4D1D3 /* SudokuCellSfx.wav in Resources */ = {isa = PBXBuildFile; fileRef = F6D8694419D9086F00E4D1D3 /* SudokuCellSfx.wav */; };
		F6D8694919D911FB00E4D1D3 /* ClickRightSfx.wav in Resources */ = {isa = PBXBuildFile; fileRef = F6D8694719D911FB00E4D1D3 /* ClickRightSfx.wav */; };
		F6D8694F19DA515100E4D1D3 /* StartOverSfx.wav in Resources */ = {isa = PBXBuildFile; fileRef = F6D8694C19DA515100E4D1D3 /* StartOverSfx.wav */; };
		F6D8695019DA515100E4D1D3 /* LeftClickSfx.wav in Resources */ = {isa = PBXBuildFile; fileRef = F6D8694D19DA515100E4D1D3 /* LeftClickSfx.wav */; };
		F6D8695119DA515100E4D1D3 /* HmmSfx.wav in Resources */ = {isa = PBXBuildFile; fileRef = F6D8694E19DA515100E4D1D3 /* HmmSfx.wav */; };
/* End PBXBuildFile section */

/* Begin PBXContainerItemProxy section */
		F624826719CA3A92000646B7 /* PBXContainerItemProxy */ = {
			isa = PBXContainerItemProxy;
			containerPortal = F624823919CA3A92000646B7 /* Project object */;
			proxyType = 1;
			remoteGlobalIDString = F624824019CA3A92000646B7;
			remoteInfo = Sudoku;
		};
/* End PBXContainerItemProxy section */

/* Begin PBXFileReference section */
		F624824119CA3A92000646B7 /* Sudoku.app */ = {isa = PBXFileReference; explicitFileType = wrapper.application; includeInIndex = 0; path = Sudoku.app; sourceTree = BUILT_PRODUCTS_DIR; };
		F624824419CA3A92000646B7 /* Foundation.framework */ = {isa = PBXFileReference; lastKnownFileType = wrapper.framework; name = Foundation.framework; path = System/Library/Frameworks/Foundation.framework; sourceTree = SDKROOT; };
		F624824619CA3A92000646B7 /* CoreGraphics.framework */ = {isa = PBXFileReference; lastKnownFileType = wrapper.framework; name = CoreGraphics.framework; path = System/Library/Frameworks/CoreGraphics.framework; sourceTree = SDKROOT; };
		F624824819CA3A92000646B7 /* UIKit.framework */ = {isa = PBXFileReference; lastKnownFileType = wrapper.framework; name = UIKit.framework; path = System/Library/Frameworks/UIKit.framework; sourceTree = SDKROOT; };
		F624824C19CA3A92000646B7 /* Sudoku-Info.plist */ = {isa = PBXFileReference; lastKnownFileType = text.plist.xml; path = "Sudoku-Info.plist"; sourceTree = "<group>"; };
		F624824E19CA3A92000646B7 /* en */ = {isa = PBXFileReference; lastKnownFileType = text.plist.strings; name = en; path = en.lproj/InfoPlist.strings; sourceTree = "<group>"; };
		F624825019CA3A92000646B7 /* main.m */ = {isa = PBXFileReference; lastKnownFileType = sourcecode.c.objc; path = main.m; sourceTree = "<group>"; };
		F624825219CA3A92000646B7 /* Sudoku-Prefix.pch */ = {isa = PBXFileReference; lastKnownFileType = sourcecode.c.h; path = "Sudoku-Prefix.pch"; sourceTree = "<group>"; };
		F624825319CA3A92000646B7 /* HHSLAppDelegate.h */ = {isa = PBXFileReference; lastKnownFileType = sourcecode.c.h; path = HHSLAppDelegate.h; sourceTree = "<group>"; };
		F624825419CA3A92000646B7 /* HHSLAppDelegate.m */ = {isa = PBXFileReference; lastKnownFileType = sourcecode.c.objc; path = HHSLAppDelegate.m; sourceTree = "<group>"; };
		F624825719CA3A92000646B7 /* Base */ = {isa = PBXFileReference; lastKnownFileType = file.storyboard; name = Base; path = Base.lproj/Main.storyboard; sourceTree = "<group>"; };
		F624825919CA3A92000646B7 /* HHSLViewController.h */ = {isa = PBXFileReference; lastKnownFileType = sourcecode.c.h; path = HHSLViewController.h; sourceTree = "<group>"; };
		F624825A19CA3A92000646B7 /* HHSLViewController.m */ = {isa = PBXFileReference; lastKnownFileType = sourcecode.c.objc; path = HHSLViewController.m; sourceTree = "<group>"; };
		F624825C19CA3A92000646B7 /* Images.xcassets */ = {isa = PBXFileReference; lastKnownFileType = folder.assetcatalog; path = Images.xcassets; sourceTree = "<group>"; };
		F624826219CA3A92000646B7 /* SudokuTests.xctest */ = {isa = PBXFileReference; explicitFileType = wrapper.cfbundle; includeInIndex = 0; path = SudokuTests.xctest; sourceTree = BUILT_PRODUCTS_DIR; };
		F624826319CA3A92000646B7 /* XCTest.framework */ = {isa = PBXFileReference; lastKnownFileType = wrapper.framework; name = XCTest.framework; path = Library/Frameworks/XCTest.framework; sourceTree = DEVELOPER_DIR; };
		F624826B19CA3A92000646B7 /* SudokuTests-Info.plist */ = {isa = PBXFileReference; lastKnownFileType = text.plist.xml; path = "SudokuTests-Info.plist"; sourceTree = "<group>"; };
		F624826D19CA3A92000646B7 /* en */ = {isa = PBXFileReference; lastKnownFileType = text.plist.strings; name = en; path = en.lproj/InfoPlist.strings; sourceTree = "<group>"; };
		F624826F19CA3A92000646B7 /* SudokuTests.m */ = {isa = PBXFileReference; lastKnownFileType = sourcecode.c.objc; path = SudokuTests.m; sourceTree = "<group>"; };
		F624827919CA3AC0000646B7 /* HHSLGridView.h */ = {isa = PBXFileReference; fileEncoding = 4; lastKnownFileType = sourcecode.c.h; path = HHSLGridView.h; sourceTree = "<group>"; };
		F624827A19CA3AC0000646B7 /* HHSLGridView.m */ = {isa = PBXFileReference; fileEncoding = 4; lastKnownFileType = sourcecode.c.objc; path = HHSLGridView.m; sourceTree = "<group>"; };
		F651AED219D5E3AB00888062 /* grid1.txt */ = {isa = PBXFileReference; fileEncoding = 4; lastKnownFileType = text; path = grid1.txt; sourceTree = "<group>"; };
		F651AED319D5E3AB00888062 /* grid2.txt */ = {isa = PBXFileReference; fileEncoding = 4; lastKnownFileType = text; path = grid2.txt; sourceTree = "<group>"; };
		F684DEA519CCDEE9008E6AE8 /* HHSLGridModel.h */ = {isa = PBXFileReference; fileEncoding = 4; lastKnownFileType = sourcecode.c.h; path = HHSLGridModel.h; sourceTree = "<group>"; };
		F684DEA619CCDEE9008E6AE8 /* HHSLGridModel.m */ = {isa = PBXFileReference; fileEncoding = 4; lastKnownFileType = sourcecode.c.objc; path = HHSLGridModel.m; sourceTree = "<group>"; };
		F684DEA819CCDFE2008E6AE8 /* HHSLNumPadView.h */ = {isa = PBXFileReference; fileEncoding = 4; lastKnownFileType = sourcecode.c.h; path = HHSLNumPadView.h; sourceTree = "<group>"; };
		F684DEA919CCDFE2008E6AE8 /* HHSLNumPadView.m */ = {isa = PBXFileReference; fileEncoding = 4; lastKnownFileType = sourcecode.c.objc; path = HHSLNumPadView.m; sourceTree = "<group>"; };
		F6D8694219D9068200E4D1D3 /* AudioToolbox.framework */ = {isa = PBXFileReference; lastKnownFileType = wrapper.framework; name = AudioToolbox.framework; path = System/Library/Frameworks/AudioToolbox.framework; sourceTree = SDKROOT; };
		F6D8694419D9086F00E4D1D3 /* SudokuCellSfx.wav */ = {isa = PBXFileReference; lastKnownFileType = audio.wav; name = SudokuCellSfx.wav; path = ../../../../../../Downloads/SudokuCellSfx.wav; sourceTree = "<group>"; };
		F6D8694719D911FB00E4D1D3 /* ClickRightSfx.wav */ = {isa = PBXFileReference; lastKnownFileType = audio.wav; name = ClickRightSfx.wav; path = ../../../../../../Downloads/ClickRightSfx.wav; sourceTree = "<group>"; };
		F6D8694C19DA515100E4D1D3 /* StartOverSfx.wav */ = {isa = PBXFileReference; lastKnownFileType = audio.wav; name = StartOverSfx.wav; path = ../../../../../../Downloads/StartOverSfx.wav; sourceTree = "<group>"; };
		F6D8694D19DA515100E4D1D3 /* LeftClickSfx.wav */ = {isa = PBXFileReference; lastKnownFileType = audio.wav; name = LeftClickSfx.wav; path = ../../../../../../Downloads/LeftClickSfx.wav; sourceTree = "<group>"; };
		F6D8694E19DA515100E4D1D3 /* HmmSfx.wav */ = {isa = PBXFileReference; lastKnownFileType = audio.wav; name = HmmSfx.wav; path = ../../../../../../Downloads/HmmSfx.wav; sourceTree = "<group>"; };
/* End PBXFileReference section */

/* Begin PBXFrameworksBuildPhase section */
		F624823E19CA3A92000646B7 /* Frameworks */ = {
			isa = PBXFrameworksBuildPhase;
			buildActionMask = 2147483647;
			files = (
				F6D8694319D9068200E4D1D3 /* AudioToolbox.framework in Frameworks */,
				F624824719CA3A92000646B7 /* CoreGraphics.framework in Frameworks */,
				F624824919CA3A92000646B7 /* UIKit.framework in Frameworks */,
				F624824519CA3A92000646B7 /* Foundation.framework in Frameworks */,
			);
			runOnlyForDeploymentPostprocessing = 0;
		};
		F624825F19CA3A92000646B7 /* Frameworks */ = {
			isa = PBXFrameworksBuildPhase;
			buildActionMask = 2147483647;
			files = (
				F624826419CA3A92000646B7 /* XCTest.framework in Frameworks */,
				F624826619CA3A92000646B7 /* UIKit.framework in Frameworks */,
				F624826519CA3A92000646B7 /* Foundation.framework in Frameworks */,
			);
			runOnlyForDeploymentPostprocessing = 0;
		};
/* End PBXFrameworksBuildPhase section */

/* Begin PBXGroup section */
		F624823819CA3A92000646B7 = {
			isa = PBXGroup;
			children = (
				F624824A19CA3A92000646B7 /* Sudoku */,
				F624826919CA3A92000646B7 /* SudokuTests */,
				F624824319CA3A92000646B7 /* Frameworks */,
				F624824219CA3A92000646B7 /* Products */,
			);
			sourceTree = "<group>";
		};
		F624824219CA3A92000646B7 /* Products */ = {
			isa = PBXGroup;
			children = (
				F624824119CA3A92000646B7 /* Sudoku.app */,
				F624826219CA3A92000646B7 /* SudokuTests.xctest */,
			);
			name = Products;
			sourceTree = "<group>";
		};
		F624824319CA3A92000646B7 /* Frameworks */ = {
			isa = PBXGroup;
			children = (
				F6D8694219D9068200E4D1D3 /* AudioToolbox.framework */,
				F624824419CA3A92000646B7 /* Foundation.framework */,
				F624824619CA3A92000646B7 /* CoreGraphics.framework */,
				F624824819CA3A92000646B7 /* UIKit.framework */,
				F624826319CA3A92000646B7 /* XCTest.framework */,
			);
			name = Frameworks;
			sourceTree = "<group>";
		};
		F624824A19CA3A92000646B7 /* Sudoku */ = {
			isa = PBXGroup;
			children = (
				F624825319CA3A92000646B7 /* HHSLAppDelegate.h */,
				F624825419CA3A92000646B7 /* HHSLAppDelegate.m */,
				F624825619CA3A92000646B7 /* Main.storyboard */,
				F624825919CA3A92000646B7 /* HHSLViewController.h */,
				F624825A19CA3A92000646B7 /* HHSLViewController.m */,
				F684DEA819CCDFE2008E6AE8 /* HHSLNumPadView.h */,
				F684DEA919CCDFE2008E6AE8 /* HHSLNumPadView.m */,
				F684DEA519CCDEE9008E6AE8 /* HHSLGridModel.h */,
				F684DEA619CCDEE9008E6AE8 /* HHSLGridModel.m */,
				F624827919CA3AC0000646B7 /* HHSLGridView.h */,
				F624827A19CA3AC0000646B7 /* HHSLGridView.m */,
				F624825C19CA3A92000646B7 /* Images.xcassets */,
				F624824B19CA3A92000646B7 /* Supporting Files */,
			);
			path = Sudoku;
			sourceTree = "<group>";
		};
		F624824B19CA3A92000646B7 /* Supporting Files */ = {
			isa = PBXGroup;
			children = (
				F6D8694C19DA515100E4D1D3 /* StartOverSfx.wav */,
				F6D8694D19DA515100E4D1D3 /* LeftClickSfx.wav */,
				F6D8694E19DA515100E4D1D3 /* HmmSfx.wav */,
				F6D8694719D911FB00E4D1D3 /* ClickRightSfx.wav */,
				F6D8694419D9086F00E4D1D3 /* SudokuCellSfx.wav */,
				F651AED219D5E3AB00888062 /* grid1.txt */,
				F651AED319D5E3AB00888062 /* grid2.txt */,
				F624824C19CA3A92000646B7 /* Sudoku-Info.plist */,
				F624824D19CA3A92000646B7 /* InfoPlist.strings */,
				F624825019CA3A92000646B7 /* main.m */,
				F624825219CA3A92000646B7 /* Sudoku-Prefix.pch */,
			);
			name = "Supporting Files";
			sourceTree = "<group>";
		};
		F624826919CA3A92000646B7 /* SudokuTests */ = {
			isa = PBXGroup;
			children = (
				F624826F19CA3A92000646B7 /* SudokuTests.m */,
				F624826A19CA3A92000646B7 /* Supporting Files */,
			);
			path = SudokuTests;
			sourceTree = "<group>";
		};
		F624826A19CA3A92000646B7 /* Supporting Files */ = {
			isa = PBXGroup;
			children = (
				F624826B19CA3A92000646B7 /* SudokuTests-Info.plist */,
				F624826C19CA3A92000646B7 /* InfoPlist.strings */,
			);
			name = "Supporting Files";
			sourceTree = "<group>";
		};
/* End PBXGroup section */

/* Begin PBXNativeTarget section */
		F624824019CA3A92000646B7 /* Sudoku */ = {
			isa = PBXNativeTarget;
			buildConfigurationList = F624827319CA3A92000646B7 /* Build configuration list for PBXNativeTarget "Sudoku" */;
			buildPhases = (
				F624823D19CA3A92000646B7 /* Sources */,
				F624823E19CA3A92000646B7 /* Frameworks */,
				F624823F19CA3A92000646B7 /* Resources */,
			);
			buildRules = (
			);
			dependencies = (
			);
			name = Sudoku;
			productName = Sudoku;
			productReference = F624824119CA3A92000646B7 /* Sudoku.app */;
			productType = "com.apple.product-type.application";
		};
		F624826119CA3A92000646B7 /* SudokuTests */ = {
			isa = PBXNativeTarget;
			buildConfigurationList = F624827619CA3A92000646B7 /* Build configuration list for PBXNativeTarget "SudokuTests" */;
			buildPhases = (
				F624825E19CA3A92000646B7 /* Sources */,
				F624825F19CA3A92000646B7 /* Frameworks */,
				F624826019CA3A92000646B7 /* Resources */,
			);
			buildRules = (
			);
			dependencies = (
				F624826819CA3A92000646B7 /* PBXTargetDependency */,
			);
			name = SudokuTests;
			productName = SudokuTests;
			productReference = F624826219CA3A92000646B7 /* SudokuTests.xctest */;
			productType = "com.apple.product-type.bundle.unit-test";
		};
/* End PBXNativeTarget section */

/* Begin PBXProject section */
		F624823919CA3A92000646B7 /* Project object */ = {
			isa = PBXProject;
			attributes = {
				CLASSPREFIX = HHSL;
				LastUpgradeCheck = 0510;
				ORGANIZATIONNAME = "Hugo Ho and Shannon Lin";
				TargetAttributes = {
					F624826119CA3A92000646B7 = {
						TestTargetID = F624824019CA3A92000646B7;
					};
				};
			};
			buildConfigurationList = F624823C19CA3A92000646B7 /* Build configuration list for PBXProject "Sudoku" */;
			compatibilityVersion = "Xcode 3.2";
			developmentRegion = English;
			hasScannedForEncodings = 0;
			knownRegions = (
				en,
				Base,
			);
			mainGroup = F624823819CA3A92000646B7;
			productRefGroup = F624824219CA3A92000646B7 /* Products */;
			projectDirPath = "";
			projectRoot = "";
			targets = (
				F624824019CA3A92000646B7 /* Sudoku */,
				F624826119CA3A92000646B7 /* SudokuTests */,
			);
		};
/* End PBXProject section */

/* Begin PBXResourcesBuildPhase section */
		F624823F19CA3A92000646B7 /* Resources */ = {
			isa = PBXResourcesBuildPhase;
			buildActionMask = 2147483647;
			files = (
				F6D8695119DA515100E4D1D3 /* HmmSfx.wav in Resources */,
				F624825D19CA3A92000646B7 /* Images.xcassets in Resources */,
				F6D8694F19DA515100E4D1D3 /* StartOverSfx.wav in Resources */,
				F6D8695019DA515100E4D1D3 /* LeftClickSfx.wav in Resources */,
				F624824F19CA3A92000646B7 /* InfoPlist.strings in Resources */,
				F651AED419D5E3AB00888062 /* grid1.txt in Resources */,
				F6D8694519D9086F00E4D1D3 /* SudokuCellSfx.wav in Resources */,
				F6D8694919D911FB00E4D1D3 /* ClickRightSfx.wav in Resources */,
				F624825819CA3A92000646B7 /* Main.storyboard in Resources */,
				F651AED519D5E3AB00888062 /* grid2.txt in Resources */,
			);
			runOnlyForDeploymentPostprocessing = 0;
		};
		F624826019CA3A92000646B7 /* Resources */ = {
			isa = PBXResourcesBuildPhase;
			buildActionMask = 2147483647;
			files = (
				F624826E19CA3A92000646B7 /* InfoPlist.strings in Resources */,
			);
			runOnlyForDeploymentPostprocessing = 0;
		};
/* End PBXResourcesBuildPhase section */

/* Begin PBXSourcesBuildPhase section */
		F624823D19CA3A92000646B7 /* Sources */ = {
			isa = PBXSourcesBuildPhase;
			buildActionMask = 2147483647;
			files = (
				F684DEA719CCDEE9008E6AE8 /* HHSLGridModel.m in Sources */,
				F624825119CA3A92000646B7 /* main.m in Sources */,
				F684DEAA19CCDFE2008E6AE8 /* HHSLNumPadView.m in Sources */,
				F624827B19CA3AC0000646B7 /* HHSLGridView.m in Sources */,
				F624825B19CA3A92000646B7 /* HHSLViewController.m in Sources */,
				F624825519CA3A92000646B7 /* HHSLAppDelegate.m in Sources */,
			);
			runOnlyForDeploymentPostprocessing = 0;
		};
		F624825E19CA3A92000646B7 /* Sources */ = {
			isa = PBXSourcesBuildPhase;
			buildActionMask = 2147483647;
			files = (
				F624827019CA3A92000646B7 /* SudokuTests.m in Sources */,
			);
			runOnlyForDeploymentPostprocessing = 0;
		};
/* End PBXSourcesBuildPhase section */

/* Begin PBXTargetDependency section */
		F624826819CA3A92000646B7 /* PBXTargetDependency */ = {
			isa = PBXTargetDependency;
			target = F624824019CA3A92000646B7 /* Sudoku */;
			targetProxy = F624826719CA3A92000646B7 /* PBXContainerItemProxy */;
		};
/* End PBXTargetDependency section */

/* Begin PBXVariantGroup section */
		F624824D19CA3A92000646B7 /* InfoPlist.strings */ = {
			isa = PBXVariantGroup;
			children = (
				F624824E19CA3A92000646B7 /* en */,
			);
			name = InfoPlist.strings;
			sourceTree = "<group>";
		};
		F624825619CA3A92000646B7 /* Main.storyboard */ = {
			isa = PBXVariantGroup;
			children = (
				F624825719CA3A92000646B7 /* Base */,
			);
			name = Main.storyboard;
			sourceTree = "<group>";
		};
		F624826C19CA3A92000646B7 /* InfoPlist.strings */ = {
			isa = PBXVariantGroup;
			children = (
				F624826D19CA3A92000646B7 /* en */,
			);
			name = InfoPlist.strings;
			sourceTree = "<group>";
		};
/* End PBXVariantGroup section */

/* Begin XCBuildConfiguration section */
		F624827119CA3A92000646B7 /* Debug */ = {
			isa = XCBuildConfiguration;
			buildSettings = {
				ALWAYS_SEARCH_USER_PATHS = NO;
				CLANG_CXX_LANGUAGE_STANDARD = "gnu++0x";
				CLANG_CXX_LIBRARY = "libc++";
				CLANG_ENABLE_MODULES = YES;
				CLANG_ENABLE_OBJC_ARC = YES;
				CLANG_WARN_BOOL_CONVERSION = YES;
				CLANG_WARN_CONSTANT_CONVERSION = YES;
				CLANG_WARN_DIRECT_OBJC_ISA_USAGE = YES_ERROR;
				CLANG_WARN_EMPTY_BODY = YES;
				CLANG_WARN_ENUM_CONVERSION = YES;
				CLANG_WARN_INT_CONVERSION = YES;
				CLANG_WARN_OBJC_ROOT_CLASS = YES_ERROR;
				CLANG_WARN__DUPLICATE_METHOD_MATCH = YES;
				"CODE_SIGN_IDENTITY[sdk=iphoneos*]" = "iPhone Developer";
				COPY_PHASE_STRIP = NO;
				GCC_C_LANGUAGE_STANDARD = gnu99;
				GCC_DYNAMIC_NO_PIC = NO;
				GCC_GENERATE_TEST_COVERAGE_FILES = NO;
				GCC_INSTRUMENT_PROGRAM_FLOW_ARCS = NO;
				GCC_OPTIMIZATION_LEVEL = 0;
				GCC_PREPROCESSOR_DEFINITIONS = (
					"DEBUG=1",
					"$(inherited)",
				);
				GCC_SYMBOLS_PRIVATE_EXTERN = NO;
				GCC_WARN_64_TO_32_BIT_CONVERSION = YES;
				GCC_WARN_ABOUT_RETURN_TYPE = YES_ERROR;
				GCC_WARN_UNDECLARED_SELECTOR = YES;
				GCC_WARN_UNINITIALIZED_AUTOS = YES_AGGRESSIVE;
				GCC_WARN_UNUSED_FUNCTION = YES;
				GCC_WARN_UNUSED_VARIABLE = YES;
				IPHONEOS_DEPLOYMENT_TARGET = 7.1;
				ONLY_ACTIVE_ARCH = YES;
				SDKROOT = iphoneos;
				TARGETED_DEVICE_FAMILY = 2;
			};
			name = Debug;
		};
		F624827219CA3A92000646B7 /* Release */ = {
			isa = XCBuildConfiguration;
			buildSettings = {
				ALWAYS_SEARCH_USER_PATHS = NO;
				CLANG_CXX_LANGUAGE_STANDARD = "gnu++0x";
				CLANG_CXX_LIBRARY = "libc++";
				CLANG_ENABLE_MODULES = YES;
				CLANG_ENABLE_OBJC_ARC = YES;
				CLANG_WARN_BOOL_CONVERSION = YES;
				CLANG_WARN_CONSTANT_CONVERSION = YES;
				CLANG_WARN_DIRECT_OBJC_ISA_USAGE = YES_ERROR;
				CLANG_WARN_EMPTY_BODY = YES;
				CLANG_WARN_ENUM_CONVERSION = YES;
				CLANG_WARN_INT_CONVERSION = YES;
				CLANG_WARN_OBJC_ROOT_CLASS = YES_ERROR;
				CLANG_WARN__DUPLICATE_METHOD_MATCH = YES;
				"CODE_SIGN_IDENTITY[sdk=iphoneos*]" = "iPhone Developer";
				COPY_PHASE_STRIP = YES;
				ENABLE_NS_ASSERTIONS = NO;
				GCC_C_LANGUAGE_STANDARD = gnu99;
				GCC_GENERATE_TEST_COVERAGE_FILES = NO;
				GCC_INSTRUMENT_PROGRAM_FLOW_ARCS = NO;
				GCC_WARN_64_TO_32_BIT_CONVERSION = YES;
				GCC_WARN_ABOUT_RETURN_TYPE = YES_ERROR;
				GCC_WARN_UNDECLARED_SELECTOR = YES;
				GCC_WARN_UNINITIALIZED_AUTOS = YES_AGGRESSIVE;
				GCC_WARN_UNUSED_FUNCTION = YES;
				GCC_WARN_UNUSED_VARIABLE = YES;
				IPHONEOS_DEPLOYMENT_TARGET = 7.1;
				SDKROOT = iphoneos;
				TARGETED_DEVICE_FAMILY = 2;
				VALIDATE_PRODUCT = YES;
			};
			name = Release;
		};
		F624827419CA3A92000646B7 /* Debug */ = {
			isa = XCBuildConfiguration;
			buildSettings = {
				ASSETCATALOG_COMPILER_APPICON_NAME = AppIcon;
				ASSETCATALOG_COMPILER_LAUNCHIMAGE_NAME = LaunchImage;
				GCC_GENERATE_TEST_COVERAGE_FILES = NO;
				GCC_INSTRUMENT_PROGRAM_FLOW_ARCS = NO;
				GCC_PRECOMPILE_PREFIX_HEADER = YES;
				GCC_PREFIX_HEADER = "Sudoku/Sudoku-Prefix.pch";
				INFOPLIST_FILE = "Sudoku/Sudoku-Info.plist";
				PRODUCT_NAME = "$(TARGET_NAME)";
				WRAPPER_EXTENSION = app;
			};
			name = Debug;
		};
		F624827519CA3A92000646B7 /* Release */ = {
			isa = XCBuildConfiguration;
			buildSettings = {
				ASSETCATALOG_COMPILER_APPICON_NAME = AppIcon;
				ASSETCATALOG_COMPILER_LAUNCHIMAGE_NAME = LaunchImage;
				GCC_GENERATE_TEST_COVERAGE_FILES = NO;
				GCC_INSTRUMENT_PROGRAM_FLOW_ARCS = NO;
				GCC_PRECOMPILE_PREFIX_HEADER = YES;
				GCC_PREFIX_HEADER = "Sudoku/Sudoku-Prefix.pch";
				INFOPLIST_FILE = "Sudoku/Sudoku-Info.plist";
				PRODUCT_NAME = "$(TARGET_NAME)";
				WRAPPER_EXTENSION = app;
			};
			name = Release;
		};
		F624827719CA3A92000646B7 /* Debug */ = {
			isa = XCBuildConfiguration;
			buildSettings = {
				BUNDLE_LOADER = "$(BUILT_PRODUCTS_DIR)/Sudoku.app/Sudoku";
				FRAMEWORK_SEARCH_PATHS = (
					"$(SDKROOT)/Developer/Library/Frameworks",
					"$(inherited)",
					"$(DEVELOPER_FRAMEWORKS_DIR)",
				);
				GCC_INSTRUMENT_PROGRAM_FLOW_ARCS = NO;
				GCC_PRECOMPILE_PREFIX_HEADER = YES;
				GCC_PREFIX_HEADER = "Sudoku/Sudoku-Prefix.pch";
				GCC_PREPROCESSOR_DEFINITIONS = (
					"DEBUG=1",
					"$(inherited)",
				);
				INFOPLIST_FILE = "SudokuTests/SudokuTests-Info.plist";
				PRODUCT_NAME = "$(TARGET_NAME)";
				TEST_HOST = "$(BUNDLE_LOADER)";
				WRAPPER_EXTENSION = xctest;
			};
			name = Debug;
		};
		F624827819CA3A92000646B7 /* Release */ = {
			isa = XCBuildConfiguration;
			buildSettings = {
				BUNDLE_LOADER = "$(BUILT_PRODUCTS_DIR)/Sudoku.app/Sudoku";
				FRAMEWORK_SEARCH_PATHS = (
					"$(SDKROOT)/Developer/Library/Frameworks",
					"$(inherited)",
					"$(DEVELOPER_FRAMEWORKS_DIR)",
				);
				GCC_INSTRUMENT_PROGRAM_FLOW_ARCS = NO;
				GCC_PRECOMPILE_PREFIX_HEADER = YES;
				GCC_PREFIX_HEADER = "Sudoku/Sudoku-Prefix.pch";
				INFOPLIST_FILE = "SudokuTests/SudokuTests-Info.plist";
				PRODUCT_NAME = "$(TARGET_NAME)";
				TEST_HOST = "$(BUNDLE_LOADER)";
				WRAPPER_EXTENSION = xctest;
			};
			name = Release;
		};
/* End XCBuildConfiguration section */

/* Begin XCConfigurationList section */
		F624823C19CA3A92000646B7 /* Build configuration list for PBXProject "Sudoku" */ = {
			isa = XCConfigurationList;
			buildConfigurations = (
				F624827119CA3A92000646B7 /* Debug */,
				F624827219CA3A92000646B7 /* Release */,
			);
			defaultConfigurationIsVisible = 0;
			defaultConfigurationName = Release;
		};
		F624827319CA3A92000646B7 /* Build configuration list for PBXNativeTarget "Sudoku" */ = {
			isa = XCConfigurationList;
			buildConfigurations = (
				F624827419CA3A92000646B7 /* Debug */,
				F624827519CA3A92000646B7 /* Release */,
			);
			defaultConfigurationIsVisible = 0;
			defaultConfigurationName = Release;
		};
		F624827619CA3A92000646B7 /* Build configuration list for PBXNativeTarget "SudokuTests" */ = {
			isa = XCConfigurationList;
			buildConfigurations = (
				F624827719CA3A92000646B7 /* Debug */,
				F624827819CA3A92000646B7 /* Release */,
			);
			defaultConfigurationIsVisible = 0;
			defaultConfigurationName = Release;
		};
/* End XCConfigurationList section */
	};
	rootObject = F624823919CA3A92000646B7 /* Project object */;
}
